
Microsoft Visual Studio Solution File, Format Version 12.00
# Visual Studio Version 17
VisualStudioVersion = 17.2.32630.192
MinimumVisualStudioVersion = 10.0.40219.1
Project("{FAE04EC0-301F-11D3-BF4B-00C04F79EFBC}") = "CoopUtils", "CoopUtils\CoopUtils.csproj", "{806498CA-5D83-4DCF-988F-DF23B90F6E4E}"
EndProject
Global
	GlobalSection(SolutionConfigurationPlatforms) = preSolution
		Debug|Any CPU = Debug|Any CPU
		Release|Any CPU = Release|Any CPU
	EndGlobalSection
	GlobalSection(ProjectConfigurationPlatforms) = postSolution
		{806498CA-5D83-4DCF-988F-DF23B90F6E4E}.Debug|Any CPU.ActiveCfg = Debug|Any CPU
		{806498CA-5D83-4DCF-988F-DF23B90F6E4E}.Debug|Any CPU.Build.0 = Debug|Any CPU
		{806498CA-5D83-4DCF-988F-DF23B90F6E4E}.Release|Any CPU.ActiveCfg = Release|Any CPU
		{806498CA-5D83-4DCF-988F-DF23B90F6E4E}.Release|Any CPU.Build.0 = Release|Any CPU
	EndGlobalSection
	GlobalSection(SolutionProperties) = preSolution
		HideSolutionNode = FALSE
	EndGlobalSection
	GlobalSection(ExtensibilityGlobals) = postSolution
		SolutionGuid = {11144624-CF4E-4917-92FA-08548AAB3C57}
	EndGlobalSection
EndGlobal
